// !$*UTF8*$!
{
	archiveVersion = 1;
	classes = {
	};
	objectVersion = 50;
	objects = {

/* Begin PBXBuildFile section */
		2AB388D0225ADACE005B98A5 /* AppDelegate.m in Sources */ = {isa = PBXBuildFile; fileRef = 2AB388CF225ADACE005B98A5 /* AppDelegate.m */; };
		2AB388D3225ADACE005B98A5 /* ViewController.m in Sources */ = {isa = PBXBuildFile; fileRef = 2AB388D2225ADACE005B98A5 /* ViewController.m */; };
		2AB388D6225ADACE005B98A5 /* Main.storyboard in Resources */ = {isa = PBXBuildFile; fileRef = 2AB388D4225ADACE005B98A5 /* Main.storyboard */; };
		2AB388D8225ADAD1005B98A5 /* Assets.xcassets in Resources */ = {isa = PBXBuildFile; fileRef = 2AB388D7225ADAD1005B98A5 /* Assets.xcassets */; };
		2AB388DB225ADAD1005B98A5 /* LaunchScreen.storyboard in Resources */ = {isa = PBXBuildFile; fileRef = 2AB388D9225ADAD1005B98A5 /* LaunchScreen.storyboard */; };
		2AB388DE225ADAD1005B98A5 /* main.m in Sources */ = {isa = PBXBuildFile; fileRef = 2AB388DD225ADAD1005B98A5 /* main.m */; };
		2AB388E8225ADAD1005B98A5 /* DiDiTests.m in Sources */ = {isa = PBXBuildFile; fileRef = 2AB388E7225ADAD1005B98A5 /* DiDiTests.m */; };
		2AB388F3225ADAD1005B98A5 /* DiDiUITests.m in Sources */ = {isa = PBXBuildFile; fileRef = 2AB388F2225ADAD1005B98A5 /* DiDiUITests.m */; };
/* End PBXBuildFile section */

/* Begin PBXContainerItemProxy section */
		2AB388E4225ADAD1005B98A5 /* PBXContainerItemProxy */ = {
			isa = PBXContainerItemProxy;
			containerPortal = 2AB388C3225ADACE005B98A5 /* Project object */;
			proxyType = 1;
			remoteGlobalIDString = 2AB388CA225ADACE005B98A5;
			remoteInfo = DiDi;
		};
		2AB388EF225ADAD1005B98A5 /* PBXContainerItemProxy */ = {
			isa = PBXContainerItemProxy;
			containerPortal = 2AB388C3225ADACE005B98A5 /* Project object */;
			proxyType = 1;
			remoteGlobalIDString = 2AB388CA225ADACE005B98A5;
			remoteInfo = DiDi;
		};
/* End PBXContainerItemProxy section */

/* Begin PBXFileReference section */
		2AB388CB225ADACE005B98A5 /* DiDi.app */ = {isa = PBXFileReference; explicitFileType = wrapper.application; includeInIndex = 0; path = DiDi.app; sourceTree = BUILT_PRODUCTS_DIR; };
		2AB388CE225ADACE005B98A5 /* AppDelegate.h */ = {isa = PBXFileReference; lastKnownFileType = sourcecode.c.h; path = AppDelegate.h; sourceTree = "<group>"; };
		2AB388CF225ADACE005B98A5 /* AppDelegate.m */ = {isa = PBXFileReference; lastKnownFileType = sourcecode.c.objc; path = AppDelegate.m; sourceTree = "<group>"; };
		2AB388D1225ADACE005B98A5 /* ViewController.h */ = {isa = PBXFileReference; lastKnownFileType = sourcecode.c.h; path = ViewController.h; sourceTree = "<group>"; };
		2AB388D2225ADACE005B98A5 /* ViewController.m */ = {isa = PBXFileReference; lastKnownFileType = sourcecode.c.objc; path = ViewController.m; sourceTree = "<group>"; };
		2AB388D5225ADACE005B98A5 /* Base */ = {isa = PBXFileReference; lastKnownFileType = file.storyboard; name = Base; path = Base.lproj/Main.storyboard; sourceTree = "<group>"; };
		2AB388D7225ADAD1005B98A5 /* Assets.xcassets */ = {isa = PBXFileReference; lastKnownFileType = folder.assetcatalog; path = Assets.xcassets; sourceTree = "<group>"; };
		2AB388DA225ADAD1005B98A5 /* Base */ = {isa = PBXFileReference; lastKnownFileType = file.storyboard; name = Base; path = Base.lproj/LaunchScreen.storyboard; sourceTree = "<group>"; };
		2AB388DC225ADAD1005B98A5 /* Info.plist */ = {isa = PBXFileReference; lastKnownFileType = text.plist.xml; path = Info.plist; sourceTree = "<group>"; };
		2AB388DD225ADAD1005B98A5 /* main.m */ = {isa = PBXFileReference; lastKnownFileType = sourcecode.c.objc; path = main.m; sourceTree = "<group>"; };
		2AB388E3225ADAD1005B98A5 /* DiDiTests.xctest */ = {isa = PBXFileReference; explicitFileType = wrapper.cfbundle; includeInIndex = 0; path = DiDiTests.xctest; sourceTree = BUILT_PRODUCTS_DIR; };
		2AB388E7225ADAD1005B98A5 /* DiDiTests.m */ = {isa = PBXFileReference; lastKnownFileType = sourcecode.c.objc; path = DiDiTests.m; sourceTree = "<group>"; };
		2AB388E9225ADAD1005B98A5 /* Info.plist */ = {isa = PBXFileReference; lastKnownFileType = text.plist.xml; path = Info.plist; sourceTree = "<group>"; };
		2AB388EE225ADAD1005B98A5 /* DiDiUITests.xctest */ = {isa = PBXFileReference; explicitFileType = wrapper.cfbundle; includeInIndex = 0; path = DiDiUITests.xctest; sourceTree = BUILT_PRODUCTS_DIR; };
		2AB388F2225ADAD1005B98A5 /* DiDiUITests.m */ = {isa = PBXFileReference; lastKnownFileType = sourcecode.c.objc; path = DiDiUITests.m; sourceTree = "<group>"; };
		2AB388F4225ADAD1005B98A5 /* Info.plist */ = {isa = PBXFileReference; lastKnownFileType = text.plist.xml; path = Info.plist; sourceTree = "<group>"; };
/* End PBXFileReference section */

/* Begin PBXFrameworksBuildPhase section */
		2AB388C8225ADACE005B98A5 /* Frameworks */ = {
			isa = PBXFrameworksBuildPhase;
			buildActionMask = 2147483647;
			files = (
			);
			runOnlyForDeploymentPostprocessing = 0;
		};
		2AB388E0225ADAD1005B98A5 /* Frameworks */ = {
			isa = PBXFrameworksBuildPhase;
			buildActionMask = 2147483647;
			files = (
			);
			runOnlyForDeploymentPostprocessing = 0;
		};
		2AB388EB225ADAD1005B98A5 /* Frameworks */ = {
			isa = PBXFrameworksBuildPhase;
			buildActionMask = 2147483647;
			files = (
			);
			runOnlyForDeploymentPostprocessing = 0;
		};
/* End PBXFrameworksBuildPhase section */

/* Begin PBXGroup section */
		2AB388C2225ADACE005B98A5 = {
			isa = PBXGroup;
			children = (
				2AB388CD225ADACE005B98A5 /* DiDi */,
				2AB388E6225ADAD1005B98A5 /* DiDiTests */,
				2AB388F1225ADAD1005B98A5 /* DiDiUITests */,
				2AB388CC225ADACE005B98A5 /* Products */,
			);
			sourceTree = "<group>";
		};
		2AB388CC225ADACE005B98A5 /* Products */ = {
			isa = PBXGroup;
			children = (
				2AB388CB225ADACE005B98A5 /* DiDi.app */,
				2AB388E3225ADAD1005B98A5 /* DiDiTests.xctest */,
				2AB388EE225ADAD1005B98A5 /* DiDiUITests.xctest */,
			);
			name = Products;
			sourceTree = "<group>";
		};
		2AB388CD225ADACE005B98A5 /* DiDi */ = {
			isa = PBXGroup;
			children = (
				2AB388CE225ADACE005B98A5 /* AppDelegate.h */,
				2AB388CF225ADACE005B98A5 /* AppDelegate.m */,
				2AB388D1225ADACE005B98A5 /* ViewController.h */,
				2AB388D2225ADACE005B98A5 /* ViewController.m */,
				2AB388D4225ADACE005B98A5 /* Main.storyboard */,
				2AB388D7225ADAD1005B98A5 /* Assets.xcassets */,
				2AB388D9225ADAD1005B98A5 /* LaunchScreen.storyboard */,
				2AB388DC225ADAD1005B98A5 /* Info.plist */,
				2AB388DD225ADAD1005B98A5 /* main.m */,
			);
			path = DiDi;
			sourceTree = "<group>";
		};
		2AB388E6225ADAD1005B98A5 /* DiDiTests */ = {
			isa = PBXGroup;
			children = (
				2AB388E7225ADAD1005B98A5 /* DiDiTests.m */,
				2AB388E9225ADAD1005B98A5 /* Info.plist */,
			);
			path = DiDiTests;
			sourceTree = "<group>";
		};
		2AB388F1225ADAD1005B98A5 /* DiDiUITests */ = {
			isa = PBXGroup;
			children = (
				2AB388F2225ADAD1005B98A5 /* DiDiUITests.m */,
				2AB388F4225ADAD1005B98A5 /* Info.plist */,
			);
			path = DiDiUITests;
			sourceTree = "<group>";
		};
/* End PBXGroup section */

/* Begin PBXNativeTarget section */
		2AB388CA225ADACE005B98A5 /* DiDi */ = {
			isa = PBXNativeTarget;
			buildConfigurationList = 2AB388F7225ADAD1005B98A5 /* Build configuration list for PBXNativeTarget "DiDi" */;
			buildPhases = (
				2AB388C7225ADACE005B98A5 /* Sources */,
				2AB388C8225ADACE005B98A5 /* Frameworks */,
				2AB388C9225ADACE005B98A5 /* Resources */,
			);
			buildRules = (
			);
			dependencies = (
			);
			name = DiDi;
			productName = DiDi;
			productReference = 2AB388CB225ADACE005B98A5 /* DiDi.app */;
			productType = "com.apple.product-type.application";
		};
		2AB388E2225ADAD1005B98A5 /* DiDiTests */ = {
			isa = PBXNativeTarget;
			buildConfigurationList = 2AB388FA225ADAD1005B98A5 /* Build configuration list for PBXNativeTarget "DiDiTests" */;
			buildPhases = (
				2AB388DF225ADAD1005B98A5 /* Sources */,
				2AB388E0225ADAD1005B98A5 /* Frameworks */,
				2AB388E1225ADAD1005B98A5 /* Resources */,
			);
			buildRules = (
			);
			dependencies = (
				2AB388E5225ADAD1005B98A5 /* PBXTargetDependency */,
			);
			name = DiDiTests;
			productName = DiDiTests;
			productReference = 2AB388E3225ADAD1005B98A5 /* DiDiTests.xctest */;
			productType = "com.apple.product-type.bundle.unit-test";
		};
		2AB388ED225ADAD1005B98A5 /* DiDiUITests */ = {
			isa = PBXNativeTarget;
			buildConfigurationList = 2AB388FD225ADAD1005B98A5 /* Build configuration list for PBXNativeTarget "DiDiUITests" */;
			buildPhases = (
				2AB388EA225ADAD1005B98A5 /* Sources */,
				2AB388EB225ADAD1005B98A5 /* Frameworks */,
				2AB388EC225ADAD1005B98A5 /* Resources */,
			);
			buildRules = (
			);
			dependencies = (
				2AB388F0225ADAD1005B98A5 /* PBXTargetDependency */,
			);
			name = DiDiUITests;
			productName = DiDiUITests;
			productReference = 2AB388EE225ADAD1005B98A5 /* DiDiUITests.xctest */;
			productType = "com.apple.product-type.bundle.ui-testing";
		};
/* End PBXNativeTarget section */

/* Begin PBXProject section */
		2AB388C3225ADACE005B98A5 /* Project object */ = {
			isa = PBXProject;
			attributes = {
				LastUpgradeCheck = 1010;
				ORGANIZATIONNAME = "宋亮";
				TargetAttributes = {
					2AB388CA225ADACE005B98A5 = {
						CreatedOnToolsVersion = 10.1;
					};
					2AB388E2225ADAD1005B98A5 = {
						CreatedOnToolsVersion = 10.1;
						TestTargetID = 2AB388CA225ADACE005B98A5;
					};
					2AB388ED225ADAD1005B98A5 = {
						CreatedOnToolsVersion = 10.1;
						TestTargetID = 2AB388CA225ADACE005B98A5;
					};
				};
			};
			buildConfigurationList = 2AB388C6225ADACE005B98A5 /* Build configuration list for PBXProject "DiDi" */;
			compatibilityVersion = "Xcode 9.3";
			developmentRegion = en;
			hasScannedForEncodings = 0;
			knownRegions = (
				en,
				Base,
			);
			mainGroup = 2AB388C2225ADACE005B98A5;
			productRefGroup = 2AB388CC225ADACE005B98A5 /* Products */;
			projectDirPath = "";
			projectRoot = "";
			targets = (
				2AB388CA225ADACE005B98A5 /* DiDi */,
				2AB388E2225ADAD1005B98A5 /* DiDiTests */,
				2AB388ED225ADAD1005B98A5 /* DiDiUITests */,
			);
		};
/* End PBXProject section */

/* Begin PBXResourcesBuildPhase section */
		2AB388C9225ADACE005B98A5 /* Resources */ = {
			isa = PBXResourcesBuildPhase;
			buildActionMask = 2147483647;
			files = (
				2AB388DB225ADAD1005B98A5 /* LaunchScreen.storyboard in Resources */,
				2AB388D8225ADAD1005B98A5 /* Assets.xcassets in Resources */,
				2AB388D6225ADACE005B98A5 /* Main.storyboard in Resources */,
			);
			runOnlyForDeploymentPostprocessing = 0;
		};
		2AB388E1225ADAD1005B98A5 /* Resources */ = {
			isa = PBXResourcesBuildPhase;
			buildActionMask = 2147483647;
			files = (
			);
			runOnlyForDeploymentPostprocessing = 0;
		};
		2AB388EC225ADAD1005B98A5 /* Resources */ = {
			isa = PBXResourcesBuildPhase;
			buildActionMask = 2147483647;
			files = (
			);
			runOnlyForDeploymentPostprocessing = 0;
		};
/* End PBXResourcesBuildPhase section */

/* Begin PBXSourcesBuildPhase section */
		2AB388C7225ADACE005B98A5 /* Sources */ = {
			isa = PBXSourcesBuildPhase;
			buildActionMask = 2147483647;
			files = (
				2AB388D3225ADACE005B98A5 /* ViewController.m in Sources */,
				2AB388DE225ADAD1005B98A5 /* main.m in Sources */,
				2AB388D0225ADACE005B98A5 /* AppDelegate.m in Sources */,
			);
			runOnlyForDeploymentPostprocessing = 0;
		};
		2AB388DF225ADAD1005B98A5 /* Sources */ = {
			isa = PBXSourcesBuildPhase;
			buildActionMask = 2147483647;
			files = (
				2AB388E8225ADAD1005B98A5 /* DiDiTests.m in Sources */,
			);
			runOnlyForDeploymentPostprocessing = 0;
		};
		2AB388EA225ADAD1005B98A5 /* Sources */ = {
			isa = PBXSourcesBuildPhase;
			buildActionMask = 2147483647;
			files = (
				2AB388F3225ADAD1005B98A5 /* DiDiUITests.m in Sources */,
			);
			runOnlyForDeploymentPostprocessing = 0;
		};
/* End PBXSourcesBuildPhase section */

/* Begin PBXTargetDependency section */
		2AB388E5225ADAD1005B98A5 /* PBXTargetDependency */ = {
			isa = PBXTargetDependency;
			target = 2AB388CA225ADACE005B98A5 /* DiDi */;
			targetProxy = 2AB388E4225ADAD1005B98A5 /* PBXContainerItemProxy */;
		};
		2AB388F0225ADAD1005B98A5 /* PBXTargetDependency */ = {
			isa = PBXTargetDependency;
			target = 2AB388CA225ADACE005B98A5 /* DiDi */;
			targetProxy = 2AB388EF225ADAD1005B98A5 /* PBXContainerItemProxy */;
		};
/* End PBXTargetDependency section */

/* Begin PBXVariantGroup section */
		2AB388D4225ADACE005B98A5 /* Main.storyboard */ = {
			isa = PBXVariantGroup;
			children = (
				2AB388D5225ADACE005B98A5 /* Base */,
			);
			name = Main.storyboard;
			sourceTree = "<group>";
		};
		2AB388D9225ADAD1005B98A5 /* LaunchScreen.storyboard */ = {
			isa = PBXVariantGroup;
			children = (
				2AB388DA225ADAD1005B98A5 /* Base */,
			);
			name = LaunchScreen.storyboard;
			sourceTree = "<group>";
		};
/* End PBXVariantGroup section */

/* Begin XCBuildConfiguration section */
		2AB388F5225ADAD1005B98A5 /* Debug */ = {
			isa = XCBuildConfiguration;
			buildSettings = {
				ALWAYS_SEARCH_USER_PATHS = NO;
				CLANG_ANALYZER_NONNULL = YES;
				CLANG_ANALYZER_NUMBER_OBJECT_CONVERSION = YES_AGGRESSIVE;
				CLANG_CXX_LANGUAGE_STANDARD = "gnu++14";
				CLANG_CXX_LIBRARY = "libc++";
				CLANG_ENABLE_MODULES = YES;
				CLANG_ENABLE_OBJC_ARC = YES;
				CLANG_ENABLE_OBJC_WEAK = YES;
				CLANG_WARN_BLOCK_CAPTURE_AUTORELEASING = YES;
				CLANG_WARN_BOOL_CONVERSION = YES;
				CLANG_WARN_COMMA = YES;
				CLANG_WARN_CONSTANT_CONVERSION = YES;
				CLANG_WARN_DEPRECATED_OBJC_IMPLEMENTATIONS = YES;
				CLANG_WARN_DIRECT_OBJC_ISA_USAGE = YES_ERROR;
				CLANG_WARN_DOCUMENTATION_COMMENTS = YES;
				CLANG_WARN_EMPTY_BODY = YES;
				CLANG_WARN_ENUM_CONVERSION = YES;
				CLANG_WARN_INFINITE_RECURSION = YES;
				CLANG_WARN_INT_CONVERSION = YES;
				CLANG_WARN_NON_LITERAL_NULL_CONVERSION = YES;
				CLANG_WARN_OBJC_IMPLICIT_RETAIN_SELF = YES;
				CLANG_WARN_OBJC_LITERAL_CONVERSION = YES;
				CLANG_WARN_OBJC_ROOT_CLASS = YES_ERROR;
				CLANG_WARN_RANGE_LOOP_ANALYSIS = YES;
				CLANG_WARN_STRICT_PROTOTYPES = YES;
				CLANG_WARN_SUSPICIOUS_MOVE = YES;
				CLANG_WARN_UNGUARDED_AVAILABILITY = YES_AGGRESSIVE;
				CLANG_WARN_UNREACHABLE_CODE = YES;
				CLANG_WARN__DUPLICATE_METHOD_MATCH = YES;
				CODE_SIGN_IDENTITY = "iPhone Developer";
				COPY_PHASE_STRIP = NO;
				DEBUG_INFORMATION_FORMAT = dwarf;
				ENABLE_STRICT_OBJC_MSGSEND = YES;
				ENABLE_TESTABILITY = YES;
				GCC_C_LANGUAGE_STANDARD = gnu11;
				GCC_DYNAMIC_NO_PIC = NO;
				GCC_NO_COMMON_BLOCKS = YES;
				GCC_OPTIMIZATION_LEVEL = 0;
				GCC_PREPROCESSOR_DEFINITIONS = (
					"DEBUG=1",
					"$(inherited)",
				);
				GCC_WARN_64_TO_32_BIT_CONVERSION = YES;
				GCC_WARN_ABOUT_RETURN_TYPE = YES_ERROR;
				GCC_WARN_UNDECLARED_SELECTOR = YES;
				GCC_WARN_UNINITIALIZED_AUTOS = YES_AGGRESSIVE;
				GCC_WARN_UNUSED_FUNCTION = YES;
				GCC_WARN_UNUSED_VARIABLE = YES;
				IPHONEOS_DEPLOYMENT_TARGET = 12.1;
				MTL_ENABLE_DEBUG_INFO = INCLUDE_SOURCE;
				MTL_FAST_MATH = YES;
				ONLY_ACTIVE_ARCH = YES;
				SDKROOT = iphoneos;
			};
			name = Debug;
		};
		2AB388F6225ADAD1005B98A5 /* Release */ = {
			isa = XCBuildConfiguration;
			buildSettings = {
				ALWAYS_SEARCH_USER_PATHS = NO;
				CLANG_ANALYZER_NONNULL = YES;
				CLANG_ANALYZER_NUMBER_OBJECT_CONVERSION = YES_AGGRESSIVE;
				CLANG_CXX_LANGUAGE_STANDARD = "gnu++14";
				CLANG_CXX_LIBRARY = "libc++";
				CLANG_ENABLE_MODULES = YES;
				CLANG_ENABLE_OBJC_ARC = YES;
				CLANG_ENABLE_OBJC_WEAK = YES;
				CLANG_WARN_BLOCK_CAPTURE_AUTORELEASING = YES;
				CLANG_WARN_BOOL_CONVERSION = YES;
				CLANG_WARN_COMMA = YES;
				CLANG_WARN_CONSTANT_CONVERSION = YES;
				CLANG_WARN_DEPRECATED_OBJC_IMPLEMENTATIONS = YES;
				CLANG_WARN_DIRECT_OBJC_ISA_USAGE = YES_ERROR;
				CLANG_WARN_DOCUMENTATION_COMMENTS = YES;
				CLANG_WARN_EMPTY_BODY = YES;
				CLANG_WARN_ENUM_CONVERSION = YES;
				CLANG_WARN_INFINITE_RECURSION = YES;
				CLANG_WARN_INT_CONVERSION = YES;
				CLANG_WARN_NON_LITERAL_NULL_CONVERSION = YES;
				CLANG_WARN_OBJC_IMPLICIT_RETAIN_SELF = YES;
				CLANG_WARN_OBJC_LITERAL_CONVERSION = YES;
				CLANG_WARN_OBJC_ROOT_CLASS = YES_ERROR;
				CLANG_WARN_RANGE_LOOP_ANALYSIS = YES;
				CLANG_WARN_STRICT_PROTOTYPES = YES;
				CLANG_WARN_SUSPICIOUS_MOVE = YES;
				CLANG_WARN_UNGUARDED_AVAILABILITY = YES_AGGRESSIVE;
				CLANG_WARN_UNREACHABLE_CODE = YES;
				CLANG_WARN__DUPLICATE_METHOD_MATCH = YES;
				CODE_SIGN_IDENTITY = "iPhone Developer";
				COPY_PHASE_STRIP = NO;
				DEBUG_INFORMATION_FORMAT = "dwarf-with-dsym";
				ENABLE_NS_ASSERTIONS = NO;
				ENABLE_STRICT_OBJC_MSGSEND = YES;
				GCC_C_LANGUAGE_STANDARD = gnu11;
				GCC_NO_COMMON_BLOCKS = YES;
				GCC_WARN_64_TO_32_BIT_CONVERSION = YES;
				GCC_WARN_ABOUT_RETURN_TYPE = YES_ERROR;
				GCC_WARN_UNDECLARED_SELECTOR = YES;
				GCC_WARN_UNINITIALIZED_AUTOS = YES_AGGRESSIVE;
				GCC_WARN_UNUSED_FUNCTION = YES;
				GCC_WARN_UNUSED_VARIABLE = YES;
				IPHONEOS_DEPLOYMENT_TARGET = 12.1;
				MTL_ENABLE_DEBUG_INFO = NO;
				MTL_FAST_MATH = YES;
				SDKROOT = iphoneos;
				VALIDATE_PRODUCT = YES;
			};
			name = Release;
		};
		2AB388F8225ADAD1005B98A5 /* Debug */ = {
			isa = XCBuildConfiguration;
			buildSettings = {
				ASSETCATALOG_COMPILER_APPICON_NAME = AppIcon;
				CODE_SIGN_STYLE = Automatic;
				DEVELOPMENT_TEAM = 5X29D6L954;
				INFOPLIST_FILE = DiDi/Info.plist;
				LD_RUNPATH_SEARCH_PATHS = (
					"$(inherited)",
					"@executable_path/Frameworks",
				);
				PRODUCT_BUNDLE_IDENTIFIER = aaaaa.DiDi;
				PRODUCT_NAME = "$(TARGET_NAME)";
				TARGETED_DEVICE_FAMILY = "1,2";
			};
			name = Debug;
		};
		2AB388F9225ADAD1005B98A5 /* Release */ = {
			isa = XCBuildConfiguration;
			buildSettings = {
				ASSETCATALOG_COMPILER_APPICON_NAME = AppIcon;
				CODE_SIGN_STYLE = Automatic;
				DEVELOPMENT_TEAM = 5X29D6L954;
				INFOPLIST_FILE = DiDi/Info.plist;
				LD_RUNPATH_SEARCH_PATHS = (
					"$(inherited)",
					"@executable_path/Frameworks",
				);
				PRODUCT_BUNDLE_IDENTIFIER = aaaaa.DiDi;
				PRODUCT_NAME = "$(TARGET_NAME)";
				TARGETED_DEVICE_FAMILY = "1,2";
			};
			name = Release;
		};
		2AB388FB225ADAD1005B98A5 /* Debug */ = {
			isa = XCBuildConfiguration;
			buildSettings = {
				BUNDLE_LOADER = "$(TEST_HOST)";
				CODE_SIGN_STYLE = Automatic;
				DEVELOPMENT_TEAM = 5X29D6L954;
				INFOPLIST_FILE = DiDiTests/Info.plist;
				LD_RUNPATH_SEARCH_PATHS = (
					"$(inherited)",
					"@executable_path/Frameworks",
					"@loader_path/Frameworks",
				);
				PRODUCT_BUNDLE_IDENTIFIER = aaaaa.DiDiTests;
				PRODUCT_NAME = "$(TARGET_NAME)";
				TARGETED_DEVICE_FAMILY = "1,2";
				TEST_HOST = "$(BUILT_PRODUCTS_DIR)/DiDi.app/DiDi";
			};
			name = Debug;
		};
		2AB388FC225ADAD1005B98A5 /* Release */ = {
			isa = XCBuildConfiguration;
			buildSettings = {
				BUNDLE_LOADER = "$(TEST_HOST)";
				CODE_SIGN_STYLE = Automatic;
				DEVELOPMENT_TEAM = 5X29D6L954;
				INFOPLIST_FILE = DiDiTests/Info.plist;
				LD_RUNPATH_SEARCH_PATHS = (
					"$(inherited)",
					"@executable_path/Frameworks",
					"@loader_path/Frameworks",
				);
				PRODUCT_BUNDLE_IDENTIFIER = aaaaa.DiDiTests;
				PRODUCT_NAME = "$(TARGET_NAME)";
				TARGETED_DEVICE_FAMILY = "1,2";
				TEST_HOST = "$(BUILT_PRODUCTS_DIR)/DiDi.app/DiDi";
			};
			name = Release;
		};
		2AB388FE225ADAD1005B98A5 /* Debug */ = {
			isa = XCBuildConfiguration;
			buildSettings = {
				CODE_SIGN_STYLE = Automatic;
				DEVELOPMENT_TEAM = 5X29D6L954;
				INFOPLIST_FILE = DiDiUITests/Info.plist;
				LD_RUNPATH_SEARCH_PATHS = (
					"$(inherited)",
					"@executable_path/Frameworks",
					"@loader_path/Frameworks",
				);
				PRODUCT_BUNDLE_IDENTIFIER = aaaaa.DiDiUITests;
				PRODUCT_NAME = "$(TARGET_NAME)";
				TARGETED_DEVICE_FAMILY = "1,2";
				TEST_TARGET_NAME = DiDi;
			};
			name = Debug;
		};
		2AB388FF225ADAD1005B98A5 /* Release */ = {
			isa = XCBuildConfiguration;
			buildSettings = {
				CODE_SIGN_STYLE = Automatic;
				DEVELOPMENT_TEAM = 5X29D6L954;
				INFOPLIST_FILE = DiDiUITests/Info.plist;
				LD_RUNPATH_SEARCH_PATHS = (
					"$(inherited)",
					"@executable_path/Frameworks",
					"@loader_path/Frameworks",
				);
				PRODUCT_BUNDLE_IDENTIFIER = aaaaa.DiDiUITests;
				PRODUCT_NAME = "$(TARGET_NAME)";
				TARGETED_DEVICE_FAMILY = "1,2";
				TEST_TARGET_NAME = DiDi;
			};
			name = Release;
		};
/* End XCBuildConfiguration section */

/* Begin XCConfigurationList section */
		2AB388C6225ADACE005B98A5 /* Build configuration list for PBXProject "DiDi" */ = {
			isa = XCConfigurationList;
			buildConfigurations = (
				2AB388F5225ADAD1005B98A5 /* Debug */,
				2AB388F6225ADAD1005B98A5 /* Release */,
			);
			defaultConfigurationIsVisible = 0;
			defaultConfigurationName = Release;
		};
		2AB388F7225ADAD1005B98A5 /* Build configuration list for PBXNativeTarget "DiDi" */ = {
			isa = XCConfigurationList;
			buildConfigurations = (
				2AB388F8225ADAD1005B98A5 /* Debug */,
				2AB388F9225ADAD1005B98A5 /* Release */,
			);
			defaultConfigurationIsVisible = 0;
			defaultConfigurationName = Release;
		};
		2AB388FA225ADAD1005B98A5 /* Build configuration list for PBXNativeTarget "DiDiTests" */ = {
			isa = XCConfigurationList;
			buildConfigurations = (
				2AB388FB225ADAD1005B98A5 /* Debug */,
				2AB388FC225ADAD1005B98A5 /* Release */,
			);
			defaultConfigurationIsVisible = 0;
			defaultConfigurationName = Release;
		};
		2AB388FD225ADAD1005B98A5 /* Build configuration list for PBXNativeTarget "DiDiUITests" */ = {
			isa = XCConfigurationList;
			buildConfigurations = (
				2AB388FE225ADAD1005B98A5 /* Debug */,
				2AB388FF225ADAD1005B98A5 /* Release */,
			);
			defaultConfigurationIsVisible = 0;
			defaultConfigurationName = Release;
		};
/* End XCConfigurationList section */
	};
	rootObject = 2AB388C3225ADACE005B98A5 /* Project object */;
}
